
Microsoft Visual Studio Solution File, Format Version 12.00
# Visual Studio Version 17
VisualStudioVersion = 17.2.32526.322
MinimumVisualStudioVersion = 10.0.40219.1
Project("{9A19103F-16F7-4668-BE54-9A1E7A4F7556}") = "Web", "Web\Web.csproj", "{51D39369-6B64-4949-B00A-FAF597F72044}"
EndProject
Project("{9A19103F-16F7-4668-BE54-9A1E7A4F7556}") = "ApplicationCore", "ApplicationCore\ApplicationCore.csproj", "{7B0C5E33-3FF7-4CDF-885E-E20DE1C646B8}"
EndProject
Project("{9A19103F-16F7-4668-BE54-9A1E7A4F7556}") = "Infrastructure", "Infrastructure\Infrastructure.csproj", "{D61E4A13-774C-4E54-867C-B5B69231B32F}"
EndProject
Global
	GlobalSection(SolutionConfigurationPlatforms) = preSolution
		Debug|Any CPU = Debug|Any CPU
		Release|Any CPU = Release|Any CPU
	EndGlobalSection
	GlobalSection(ProjectConfigurationPlatforms) = postSolution
		{51D39369-6B64-4949-B00A-FAF597F72044}.Debug|Any CPU.ActiveCfg = Debug|Any CPU
		{51D39369-6B64-4949-B00A-FAF597F72044}.Debug|Any CPU.Build.0 = Debug|Any CPU
		{51D39369-6B64-4949-B00A-FAF597F72044}.Release|Any CPU.ActiveCfg = Release|Any CPU
		{51D39369-6B64-4949-B00A-FAF597F72044}.Release|Any CPU.Build.0 = Release|Any CPU
		{7B0C5E33-3FF7-4CDF-885E-E20DE1C646B8}.Debug|Any CPU.ActiveCfg = Debug|Any CPU
		{7B0C5E33-3FF7-4CDF-885E-E20DE1C646B8}.Debug|Any CPU.Build.0 = Debug|Any CPU
		{7B0C5E33-3FF7-4CDF-885E-E20DE1C646B8}.Release|Any CPU.ActiveCfg = Release|Any CPU
		{7B0C5E33-3FF7-4CDF-885E-E20DE1C646B8}.Release|Any CPU.Build.0 = Release|Any CPU
		{D61E4A13-774C-4E54-867C-B5B69231B32F}.Debug|Any CPU.ActiveCfg = Debug|Any CPU
		{D61E4A13-774C-4E54-867C-B5B69231B32F}.Debug|Any CPU.Build.0 = Debug|Any CPU
		{D61E4A13-774C-4E54-867C-B5B69231B32F}.Release|Any CPU.ActiveCfg = Release|Any CPU
		{D61E4A13-774C-4E54-867C-B5B69231B32F}.Release|Any CPU.Build.0 = Release|Any CPU
	EndGlobalSection
	GlobalSection(SolutionProperties) = preSolution
		HideSolutionNode = FALSE
	EndGlobalSection
	GlobalSection(ExtensibilityGlobals) = postSolution
		SolutionGuid = {5A60AFAD-CCEF-47D0-BD1E-4EC5A15CADE7}
	EndGlobalSection
EndGlobal
